# This file is autogenerated, do not edit; changes may be undone by the next 'dep ensure'.


[[projects]]
  branch = "master"
  digest = "1:b872f65e2b628d6746e7b0ac0b5bb1b7e47005ab0d8789bf51e2d584aa8d5d10"
  name = "github.com/linuxboot/fiano"
  packages = [
    "pkg/compression",
    "pkg/fmap",
    "pkg/fsp",
    "pkg/guid",
    "pkg/guid2english",
    "pkg/knownguids",
    "pkg/uefi",
    "pkg/unicode",
    "pkg/utk",
    "pkg/visitors",
  ]
  pruneopts = "UT"
  revision = "d73b5b573b278175cc75ede7ac816c061cbf8192"

[[projects]]
  digest = "1:51ceb357de5c06371be8becad34cff7e22041cfbed039631a22e17c1600af422"
  name = "github.com/u-root/u-root"
  packages = [
    "pkg/golang",
    "pkg/testutil",
  ]
  pruneopts = "UT"
  revision = "8b001e68c2bf8d45ccfe2818f324acbea9321c5b"
  version = "v4.0.0"

[[projects]]
  digest = "1:74424672efb1cc0a95c80db0787e1a791ff562fa990facbd1530296f4f9ca7a7"
  name = "github.com/ulikunitz/xz"
  packages = [
    "internal/hash",
    "internal/xlog",
    "lzma",
  ]
  pruneopts = "UT"
  revision = "590df8077fbcb06ad62d7714da06c00e5dd2316d"
  version = "v0.5.5"

[[projects]]
  digest = "1:fb8be2f4db4c5f3fa4b93ec808502d5933c7cf8d8fa285b32ba8c0102c309850"
  name = "golang.org/x/text"
  packages = [
    "encoding",
    "encoding/internal",
    "encoding/internal/identifier",
    "encoding/unicode",
    "internal/gen",
    "internal/utf8internal",
    "runes",
    "transform",
    "unicode/cldr",
  ]
  pruneopts = "UT"
  revision = "f21a4dfb5e38f5895301dc265a8def02365cc3d0"
  version = "v0.3.0"

[solve-meta]
  analyzer-name = "dep"
  analyzer-version = 1
  input-imports = [
    "github.com/linuxboot/fiano/pkg/compression",
    "github.com/linuxboot/fiano/pkg/fmap",
    "github.com/linuxboot/fiano/pkg/fsp",
    "github.com/linuxboot/fiano/pkg/guid",
    "github.com/linuxboot/fiano/pkg/guid2english",
    "github.com/linuxboot/fiano/pkg/knownguids",
    "github.com/linuxboot/fiano/pkg/uefi",
    "github.com/linuxboot/fiano/pkg/unicode",
    "github.com/linuxboot/fiano/pkg/utk",
    "github.com/linuxboot/fiano/pkg/visitors",
    "github.com/u-root/u-root/pkg/testutil",
    "github.com/ulikunitz/xz/lzma",
    "golang.org/x/text/encoding/unicode",
    "golang.org/x/text/transform",
  ]
  solver-name = "gps-cdcl"
  solver-version = 1
