# This file is autogenerated, do not edit; changes may be undone by the next 'dep ensure'.


[[projects]]
  digest = "1:21274448d9cdf3e24f6ae5b43bd38a632f48fede5cd23299dae6eae816b3220b"
  name = "github.com/u-root/u-root"
  packages = [
    "pkg/forth",
    "pkg/golang",
    "pkg/testutil",
  ]
  pruneopts = "UT"
  revision = "240c641ceb065925ebecd1a406f64161f71afaa9"
  version = "v3.0.0"

[[projects]]
  digest = "1:74424672efb1cc0a95c80db0787e1a791ff562fa990facbd1530296f4f9ca7a7"
  name = "github.com/ulikunitz/xz"
  packages = [
    "internal/hash",
    "internal/xlog",
    "lzma",
  ]
  pruneopts = "UT"
  revision = "590df8077fbcb06ad62d7714da06c00e5dd2316d"
  version = "v0.5.5"

[[projects]]
  digest = "1:fb8be2f4db4c5f3fa4b93ec808502d5933c7cf8d8fa285b32ba8c0102c309850"
  name = "golang.org/x/text"
  packages = [
    "encoding",
    "encoding/internal",
    "encoding/internal/identifier",
    "encoding/unicode",
    "internal/gen",
    "internal/utf8internal",
    "runes",
    "transform",
    "unicode/cldr",
  ]
  pruneopts = "UT"
  revision = "f21a4dfb5e38f5895301dc265a8def02365cc3d0"
  version = "v0.3.0"

[solve-meta]
  analyzer-name = "dep"
  analyzer-version = 1
  input-imports = [
    "github.com/u-root/u-root/pkg/forth",
    "github.com/u-root/u-root/pkg/testutil",
    "github.com/ulikunitz/xz/lzma",
    "golang.org/x/text/encoding/unicode",
    "golang.org/x/text/transform",
  ]
  solver-name = "gps-cdcl"
  solver-version = 1
