# This file is autogenerated, do not edit; changes may be undone by the next 'dep ensure'.


[[projects]]
  branch = "master"
  name = "github.com/google/subcommands"
  packages = ["."]
  revision = "a3682377147edf596d303faabd89f81977b3f678"

[solve-meta]
  analyzer-name = "dep"
  analyzer-version = 1
  inputs-digest = "fa6b6a3e45c7f321def35a1a52c85a6f56864f02464ba64a12c3b0dfbcb02a33"
  solver-name = "gps-cdcl"
  solver-version = 1
